
Microsoft Visual Studio Solution File, Format Version 12.00
# Visual Studio 15
VisualStudioVersion = 15.0.26124.0
MinimumVisualStudioVersion = 15.0.26124.0
Project("{2150E333-8FDC-42A3-9474-1A3956D46DE8}") = "tests", "tests", "{733B258B-E16A-4CAF-B103-97886C3199A5}"
EndProject
Project("{FAE04EC0-301F-11D3-BF4B-00C04F79EFBC}") = "MessageBoard.Test", "tests\MessageBoard.Test\MessageBoard.Test.csproj", "{A3963E00-634A-47E9-8971-0AEA6F2730FF}"
EndProject
Project("{FAE04EC0-301F-11D3-BF4B-00C04F79EFBC}") = "MessageBoard", "src\MessageBoard\MessageBoard.csproj", "{DEE72086-A97E-4D54-BBA0-FFC9EB86EDF8}"
EndProject
Project("{FAE04EC0-301F-11D3-BF4B-00C04F79EFBC}") = "MessageBoard.Api", "src\MessageBoard.Api\MessageBoard.Api.csproj", "{99EEC451-330E-49F6-A501-D476212417C6}"
EndProject
Global
	GlobalSection(SolutionConfigurationPlatforms) = preSolution
		Debug|Any CPU = Debug|Any CPU
		Debug|x64 = Debug|x64
		Debug|x86 = Debug|x86
		Release|Any CPU = Release|Any CPU
		Release|x64 = Release|x64
		Release|x86 = Release|x86
	EndGlobalSection
	GlobalSection(SolutionProperties) = preSolution
		HideSolutionNode = FALSE
	EndGlobalSection
	GlobalSection(ProjectConfigurationPlatforms) = postSolution
		{A3963E00-634A-47E9-8971-0AEA6F2730FF}.Debug|Any CPU.ActiveCfg = Debug|Any CPU
		{A3963E00-634A-47E9-8971-0AEA6F2730FF}.Debug|Any CPU.Build.0 = Debug|Any CPU
		{A3963E00-634A-47E9-8971-0AEA6F2730FF}.Debug|x64.ActiveCfg = Debug|Any CPU
		{A3963E00-634A-47E9-8971-0AEA6F2730FF}.Debug|x64.Build.0 = Debug|Any CPU
		{A3963E00-634A-47E9-8971-0AEA6F2730FF}.Debug|x86.ActiveCfg = Debug|Any CPU
		{A3963E00-634A-47E9-8971-0AEA6F2730FF}.Debug|x86.Build.0 = Debug|Any CPU
		{A3963E00-634A-47E9-8971-0AEA6F2730FF}.Release|Any CPU.ActiveCfg = Release|Any CPU
		{A3963E00-634A-47E9-8971-0AEA6F2730FF}.Release|Any CPU.Build.0 = Release|Any CPU
		{A3963E00-634A-47E9-8971-0AEA6F2730FF}.Release|x64.ActiveCfg = Release|Any CPU
		{A3963E00-634A-47E9-8971-0AEA6F2730FF}.Release|x64.Build.0 = Release|Any CPU
		{A3963E00-634A-47E9-8971-0AEA6F2730FF}.Release|x86.ActiveCfg = Release|Any CPU
		{A3963E00-634A-47E9-8971-0AEA6F2730FF}.Release|x86.Build.0 = Release|Any CPU
		{DEE72086-A97E-4D54-BBA0-FFC9EB86EDF8}.Debug|Any CPU.ActiveCfg = Debug|Any CPU
		{DEE72086-A97E-4D54-BBA0-FFC9EB86EDF8}.Debug|Any CPU.Build.0 = Debug|Any CPU
		{DEE72086-A97E-4D54-BBA0-FFC9EB86EDF8}.Debug|x64.ActiveCfg = Debug|Any CPU
		{DEE72086-A97E-4D54-BBA0-FFC9EB86EDF8}.Debug|x64.Build.0 = Debug|Any CPU
		{DEE72086-A97E-4D54-BBA0-FFC9EB86EDF8}.Debug|x86.ActiveCfg = Debug|Any CPU
		{DEE72086-A97E-4D54-BBA0-FFC9EB86EDF8}.Debug|x86.Build.0 = Debug|Any CPU
		{DEE72086-A97E-4D54-BBA0-FFC9EB86EDF8}.Release|Any CPU.ActiveCfg = Release|Any CPU
		{DEE72086-A97E-4D54-BBA0-FFC9EB86EDF8}.Release|Any CPU.Build.0 = Release|Any CPU
		{DEE72086-A97E-4D54-BBA0-FFC9EB86EDF8}.Release|x64.ActiveCfg = Release|Any CPU
		{DEE72086-A97E-4D54-BBA0-FFC9EB86EDF8}.Release|x64.Build.0 = Release|Any CPU
		{DEE72086-A97E-4D54-BBA0-FFC9EB86EDF8}.Release|x86.ActiveCfg = Release|Any CPU
		{DEE72086-A97E-4D54-BBA0-FFC9EB86EDF8}.Release|x86.Build.0 = Release|Any CPU
		{99EEC451-330E-49F6-A501-D476212417C6}.Debug|Any CPU.ActiveCfg = Debug|Any CPU
		{99EEC451-330E-49F6-A501-D476212417C6}.Debug|Any CPU.Build.0 = Debug|Any CPU
		{99EEC451-330E-49F6-A501-D476212417C6}.Debug|x64.ActiveCfg = Debug|Any CPU
		{99EEC451-330E-49F6-A501-D476212417C6}.Debug|x64.Build.0 = Debug|Any CPU
		{99EEC451-330E-49F6-A501-D476212417C6}.Debug|x86.ActiveCfg = Debug|Any CPU
		{99EEC451-330E-49F6-A501-D476212417C6}.Debug|x86.Build.0 = Debug|Any CPU
		{99EEC451-330E-49F6-A501-D476212417C6}.Release|Any CPU.ActiveCfg = Release|Any CPU
		{99EEC451-330E-49F6-A501-D476212417C6}.Release|Any CPU.Build.0 = Release|Any CPU
		{99EEC451-330E-49F6-A501-D476212417C6}.Release|x64.ActiveCfg = Release|Any CPU
		{99EEC451-330E-49F6-A501-D476212417C6}.Release|x64.Build.0 = Release|Any CPU
		{99EEC451-330E-49F6-A501-D476212417C6}.Release|x86.ActiveCfg = Release|Any CPU
		{99EEC451-330E-49F6-A501-D476212417C6}.Release|x86.Build.0 = Release|Any CPU
	EndGlobalSection
	GlobalSection(NestedProjects) = preSolution
		{A3963E00-634A-47E9-8971-0AEA6F2730FF} = {733B258B-E16A-4CAF-B103-97886C3199A5}
	EndGlobalSection
EndGlobal
